
Microsoft Visual Studio Solution File, Format Version 12.00
# Visual Studio Version 16
VisualStudioVersion = 16.0.30011.22
MinimumVisualStudioVersion = 10.0.40219.1
Project("{9A19103F-16F7-4668-BE54-9A1E7A4F7556}") = "ConsoleGame", "ConsoleGame\ConsoleGame.csproj", "{EF9CEECB-854A-462F-9072-9CE49929FECB}"
EndProject
Project("{FAE04EC0-301F-11D3-BF4B-00C04F79EFBC}") = "ConsoleGameTests", "ConsoleGameTests\ConsoleGameTests.csproj", "{443525DC-A977-497F-9F10-0BB4E00D449E}"
EndProject
Global
	GlobalSection(SolutionConfigurationPlatforms) = preSolution
		Debug|Any CPU = Debug|Any CPU
		Release|Any CPU = Release|Any CPU
	EndGlobalSection
	GlobalSection(ProjectConfigurationPlatforms) = postSolution
		{EF9CEECB-854A-462F-9072-9CE49929FECB}.Debug|Any CPU.ActiveCfg = Debug|Any CPU
		{EF9CEECB-854A-462F-9072-9CE49929FECB}.Debug|Any CPU.Build.0 = Debug|Any CPU
		{EF9CEECB-854A-462F-9072-9CE49929FECB}.Release|Any CPU.ActiveCfg = Release|Any CPU
		{EF9CEECB-854A-462F-9072-9CE49929FECB}.Release|Any CPU.Build.0 = Release|Any CPU
		{443525DC-A977-497F-9F10-0BB4E00D449E}.Debug|Any CPU.ActiveCfg = Debug|Any CPU
		{443525DC-A977-497F-9F10-0BB4E00D449E}.Debug|Any CPU.Build.0 = Debug|Any CPU
		{443525DC-A977-497F-9F10-0BB4E00D449E}.Release|Any CPU.ActiveCfg = Release|Any CPU
		{443525DC-A977-497F-9F10-0BB4E00D449E}.Release|Any CPU.Build.0 = Release|Any CPU
	EndGlobalSection
	GlobalSection(SolutionProperties) = preSolution
		HideSolutionNode = FALSE
	EndGlobalSection
	GlobalSection(ExtensibilityGlobals) = postSolution
		SolutionGuid = {149B43CC-24EB-4F0F-8382-A63E2EA02DC9}
	EndGlobalSection
EndGlobal
